
Microsoft Visual Studio Solution File, Format Version 12.00
# Visual Studio Version 17
VisualStudioVersion = 17.0.32112.339
MinimumVisualStudioVersion = 10.0.40219.1
Project("{9A19103F-16F7-4668-BE54-9A1E7A4F7556}") = "Homework.API", "Homework.API.csproj", "{32746C0A-CA2A-4300-B679-2734E7808FBA}"
EndProject
Project("{FAE04EC0-301F-11D3-BF4B-00C04F79EFBC}") = "Homework.Function", "..\Homework.Function\Homework.Function.csproj", "{C928D0B9-345B-4A42-AD65-E48E6495BD7A}"
EndProject
Global
	GlobalSection(SolutionConfigurationPlatforms) = preSolution
		Debug|Any CPU = Debug|Any CPU
		Release|Any CPU = Release|Any CPU
	EndGlobalSection
	GlobalSection(ProjectConfigurationPlatforms) = postSolution
		{32746C0A-CA2A-4300-B679-2734E7808FBA}.Debug|Any CPU.ActiveCfg = Debug|Any CPU
		{32746C0A-CA2A-4300-B679-2734E7808FBA}.Debug|Any CPU.Build.0 = Debug|Any CPU
		{32746C0A-CA2A-4300-B679-2734E7808FBA}.Release|Any CPU.ActiveCfg = Release|Any CPU
		{32746C0A-CA2A-4300-B679-2734E7808FBA}.Release|Any CPU.Build.0 = Release|Any CPU
		{C928D0B9-345B-4A42-AD65-E48E6495BD7A}.Debug|Any CPU.ActiveCfg = Debug|Any CPU
		{C928D0B9-345B-4A42-AD65-E48E6495BD7A}.Debug|Any CPU.Build.0 = Debug|Any CPU
		{C928D0B9-345B-4A42-AD65-E48E6495BD7A}.Release|Any CPU.ActiveCfg = Release|Any CPU
		{C928D0B9-345B-4A42-AD65-E48E6495BD7A}.Release|Any CPU.Build.0 = Release|Any CPU
	EndGlobalSection
	GlobalSection(SolutionProperties) = preSolution
		HideSolutionNode = FALSE
	EndGlobalSection
	GlobalSection(ExtensibilityGlobals) = postSolution
		SolutionGuid = {ADE8FEA2-45A0-43D2-BAD8-2207DC51958E}
	EndGlobalSection
EndGlobal
